
Microsoft Visual Studio Solution File, Format Version 12.00
# Visual Studio 15
VisualStudioVersion = 15.0.27130.2020
MinimumVisualStudioVersion = 10.0.40219.1
Project("{2150E333-8FDC-42A3-9474-1A3956D46DE8}") = "Solution Items", "Solution Items", "{816594E8-E690-4219-9F78-EA44C740FA52}"
	ProjectSection(SolutionItems) = preProject
		.gitattributes = .gitattributes
		.gitignore = .gitignore
		appveyor.yml = appveyor.yml
		LICENSE = LICENSE
		README.md = README.md
	EndProjectSection
EndProject
Project("{2150E333-8FDC-42A3-9474-1A3956D46DE8}") = "Tests", "Tests", "{9357F136-9D15-4888-B551-9F7BC30A0334}"
EndProject
Project("{FAE04EC0-301F-11D3-BF4B-00C04F79EFBC}") = "Grumpy.RipplesMQ.Server", "Grumpy.RipplesMQ.Server\Grumpy.RipplesMQ.Server.csproj", "{AF8A568A-8BDB-47A9-8D57-2BE24C4243A8}"
EndProject
Project("{FAE04EC0-301F-11D3-BF4B-00C04F79EFBC}") = "Grumpy.RipplesMQ.Core", "Grumpy.RipplesMQ.Core\Grumpy.RipplesMQ.Core.csproj", "{62447414-7E5C-4861-A68E-963C2A1EE956}"
EndProject
Project("{FAE04EC0-301F-11D3-BF4B-00C04F79EFBC}") = "Grumpy.RipplesMQ.Infrastructure", "Grumpy.RipplesMQ.Infrastructure\Grumpy.RipplesMQ.Infrastructure.csproj", "{12018202-003F-431D-9E4A-361266DAAED2}"
EndProject
Project("{FAE04EC0-301F-11D3-BF4B-00C04F79EFBC}") = "Grumpy.RipplesMQ.Core.UnitTests", "Grumpy.RipplesMQ.Core.UnitTests\Grumpy.RipplesMQ.Core.UnitTests.csproj", "{933EE521-09C9-413C-BEBA-FD29371594EF}"
EndProject
Project("{FAE04EC0-301F-11D3-BF4B-00C04F79EFBC}") = "Grumpy.RipplesMQ.Core.IntegrationTests", "Grumpy.RipplesMQ.Core.IntegrationTests\Grumpy.RipplesMQ.Core.IntegrationTests.csproj", "{00B65987-C512-4587-9DDD-251063FCBBA8}"
EndProject
Project("{FAE04EC0-301F-11D3-BF4B-00C04F79EFBC}") = "Grumpy.RipplesMQ.Infrastructure.IntegrationTests", "Grumpy.RipplesMQ.Infrastructure.IntegrationTests\Grumpy.RipplesMQ.Infrastructure.IntegrationTests.csproj", "{09613587-6842-4380-89F7-7CC78B6E3CA8}"
EndProject
Project("{FAE04EC0-301F-11D3-BF4B-00C04F79EFBC}") = "Grumpy.RipplesMQ.Server.UnitTests", "Grumpy.RipplesMQ.Server.UnitTests\Grumpy.RipplesMQ.Server.UnitTests.csproj", "{9FB850B0-4E29-40E0-B578-0F54D55E254C}"
EndProject
Project("{00D1A9C2-B5F0-4AF3-8072-F6C62B433612}") = "Grumpy.RipplesMQ.Database", "Grumpy.RipplesMQ.Database\Grumpy.RipplesMQ.Database.sqlproj", "{D1349FAF-8E3C-47FA-8350-C17A81541497}"
EndProject
Project("{FAE04EC0-301F-11D3-BF4B-00C04F79EFBC}") = "Grumpy.RipplesMQ.Entity", "Grumpy.RipplesMQ.Entity\Grumpy.RipplesMQ.Entity.csproj", "{44854D20-76E0-4A1A-AA1B-C4F47F018C5B}"
EndProject
Project("{FAE04EC0-301F-11D3-BF4B-00C04F79EFBC}") = "Grumpy.RipplesMQ.Server.NuGet", "Grumpy.RipplesMQ.Server.NuGet\Grumpy.RipplesMQ.Server.NuGet.csproj", "{AF8C4A00-93FB-46E5-A68F-A58B3D96E56C}"
EndProject
Project("{2150E333-8FDC-42A3-9474-1A3956D46DE8}") = "Scripts", "Scripts", "{AEB89BC0-CF35-402F-87E4-B8F2FAF28226}"
	ProjectSection(SolutionItems) = preProject
		PublishDacpac.ps1 = PublishDacpac.ps1
	EndProjectSection
EndProject
Global
	GlobalSection(SolutionConfigurationPlatforms) = preSolution
		Debug|Any CPU = Debug|Any CPU
		Release|Any CPU = Release|Any CPU
	EndGlobalSection
	GlobalSection(ProjectConfigurationPlatforms) = postSolution
		{AF8A568A-8BDB-47A9-8D57-2BE24C4243A8}.Debug|Any CPU.ActiveCfg = Debug|Any CPU
		{AF8A568A-8BDB-47A9-8D57-2BE24C4243A8}.Debug|Any CPU.Build.0 = Debug|Any CPU
		{AF8A568A-8BDB-47A9-8D57-2BE24C4243A8}.Release|Any CPU.ActiveCfg = Release|Any CPU
		{AF8A568A-8BDB-47A9-8D57-2BE24C4243A8}.Release|Any CPU.Build.0 = Release|Any CPU
		{62447414-7E5C-4861-A68E-963C2A1EE956}.Debug|Any CPU.ActiveCfg = Debug|Any CPU
		{62447414-7E5C-4861-A68E-963C2A1EE956}.Debug|Any CPU.Build.0 = Debug|Any CPU
		{62447414-7E5C-4861-A68E-963C2A1EE956}.Release|Any CPU.ActiveCfg = Release|Any CPU
		{62447414-7E5C-4861-A68E-963C2A1EE956}.Release|Any CPU.Build.0 = Release|Any CPU
		{12018202-003F-431D-9E4A-361266DAAED2}.Debug|Any CPU.ActiveCfg = Debug|Any CPU
		{12018202-003F-431D-9E4A-361266DAAED2}.Debug|Any CPU.Build.0 = Debug|Any CPU
		{12018202-003F-431D-9E4A-361266DAAED2}.Release|Any CPU.ActiveCfg = Release|Any CPU
		{12018202-003F-431D-9E4A-361266DAAED2}.Release|Any CPU.Build.0 = Release|Any CPU
		{933EE521-09C9-413C-BEBA-FD29371594EF}.Debug|Any CPU.ActiveCfg = Debug|Any CPU
		{933EE521-09C9-413C-BEBA-FD29371594EF}.Debug|Any CPU.Build.0 = Debug|Any CPU
		{933EE521-09C9-413C-BEBA-FD29371594EF}.Release|Any CPU.ActiveCfg = Release|Any CPU
		{933EE521-09C9-413C-BEBA-FD29371594EF}.Release|Any CPU.Build.0 = Release|Any CPU
		{00B65987-C512-4587-9DDD-251063FCBBA8}.Debug|Any CPU.ActiveCfg = Debug|Any CPU
		{00B65987-C512-4587-9DDD-251063FCBBA8}.Debug|Any CPU.Build.0 = Debug|Any CPU
		{00B65987-C512-4587-9DDD-251063FCBBA8}.Release|Any CPU.ActiveCfg = Release|Any CPU
		{00B65987-C512-4587-9DDD-251063FCBBA8}.Release|Any CPU.Build.0 = Release|Any CPU
		{09613587-6842-4380-89F7-7CC78B6E3CA8}.Debug|Any CPU.ActiveCfg = Debug|Any CPU
		{09613587-6842-4380-89F7-7CC78B6E3CA8}.Debug|Any CPU.Build.0 = Debug|Any CPU
		{09613587-6842-4380-89F7-7CC78B6E3CA8}.Release|Any CPU.ActiveCfg = Release|Any CPU
		{09613587-6842-4380-89F7-7CC78B6E3CA8}.Release|Any CPU.Build.0 = Release|Any CPU
		{9FB850B0-4E29-40E0-B578-0F54D55E254C}.Debug|Any CPU.ActiveCfg = Debug|Any CPU
		{9FB850B0-4E29-40E0-B578-0F54D55E254C}.Debug|Any CPU.Build.0 = Debug|Any CPU
		{9FB850B0-4E29-40E0-B578-0F54D55E254C}.Release|Any CPU.ActiveCfg = Release|Any CPU
		{9FB850B0-4E29-40E0-B578-0F54D55E254C}.Release|Any CPU.Build.0 = Release|Any CPU
		{D1349FAF-8E3C-47FA-8350-C17A81541497}.Debug|Any CPU.ActiveCfg = Debug|Any CPU
		{D1349FAF-8E3C-47FA-8350-C17A81541497}.Debug|Any CPU.Build.0 = Debug|Any CPU
		{D1349FAF-8E3C-47FA-8350-C17A81541497}.Debug|Any CPU.Deploy.0 = Debug|Any CPU
		{D1349FAF-8E3C-47FA-8350-C17A81541497}.Release|Any CPU.ActiveCfg = Release|Any CPU
		{D1349FAF-8E3C-47FA-8350-C17A81541497}.Release|Any CPU.Build.0 = Release|Any CPU
		{D1349FAF-8E3C-47FA-8350-C17A81541497}.Release|Any CPU.Deploy.0 = Release|Any CPU
		{44854D20-76E0-4A1A-AA1B-C4F47F018C5B}.Debug|Any CPU.ActiveCfg = Debug|Any CPU
		{44854D20-76E0-4A1A-AA1B-C4F47F018C5B}.Debug|Any CPU.Build.0 = Debug|Any CPU
		{44854D20-76E0-4A1A-AA1B-C4F47F018C5B}.Release|Any CPU.ActiveCfg = Release|Any CPU
		{44854D20-76E0-4A1A-AA1B-C4F47F018C5B}.Release|Any CPU.Build.0 = Release|Any CPU
		{AF8C4A00-93FB-46E5-A68F-A58B3D96E56C}.Debug|Any CPU.ActiveCfg = Debug|Any CPU
		{AF8C4A00-93FB-46E5-A68F-A58B3D96E56C}.Debug|Any CPU.Build.0 = Debug|Any CPU
		{AF8C4A00-93FB-46E5-A68F-A58B3D96E56C}.Release|Any CPU.ActiveCfg = Release|Any CPU
		{AF8C4A00-93FB-46E5-A68F-A58B3D96E56C}.Release|Any CPU.Build.0 = Release|Any CPU
	EndGlobalSection
	GlobalSection(SolutionProperties) = preSolution
		HideSolutionNode = FALSE
	EndGlobalSection
	GlobalSection(NestedProjects) = preSolution
		{933EE521-09C9-413C-BEBA-FD29371594EF} = {9357F136-9D15-4888-B551-9F7BC30A0334}
		{00B65987-C512-4587-9DDD-251063FCBBA8} = {9357F136-9D15-4888-B551-9F7BC30A0334}
		{09613587-6842-4380-89F7-7CC78B6E3CA8} = {9357F136-9D15-4888-B551-9F7BC30A0334}
		{9FB850B0-4E29-40E0-B578-0F54D55E254C} = {9357F136-9D15-4888-B551-9F7BC30A0334}
	EndGlobalSection
	GlobalSection(ExtensibilityGlobals) = postSolution
		SolutionGuid = {FE504091-B59E-4476-B307-45B29454266D}
	EndGlobalSection
EndGlobal
